{
  "name": "tut16-npm",
  "version": "1.0.0",
  "lockfileVersion": 3,
  "requires": true,
  "packages": {
    "": {
      "name": "tut16-npm",
      "version": "1.0.0",
      "license": "ISC",
      "dependencies": {
        "date-fns": "^3.6.0",
        "greet-by-time": "^1.0.1"
      },
      "devDependencies": {}
    },
    "node_modules/date-fns": {
      "version": "3.6.0",
      "resolved": "https://registry.npmjs.org/date-fns/-/date-fns-3.6.0.tgz",
      "integrity": "sha512-fRHTG8g/Gif+kSh50gaGEdToemgfj74aRX3swtiouboip5JDLAyDE9F11nHMIcvOaXeOC6D7SpNhi7uFyB7Uww==",
      "funding": {
        "type": "github",
        "url": "https://github.com/sponsors/kossnocorp"
      }
    },
    "node_modules/greet-by-time": {
      "version": "1.0.1",
      "resolved": "https://registry.npmjs.org/greet-by-time/-/greet-by-time-1.0.1.tgz",
      "integrity": "sha512-730Qxy10no4LEpweVdCX23DTLjIyVRiy17F6tw040wQxXaBqewPQeZd0svrD97dOyjhJ7qang0xyMPdKHTbOBw=="
    }
  }
}
